Microsoft Visual Studio Solution File, Format Version 12.00
# Visual Studio Version 17
VisualStudioVersion = 17.5.2.0
MinimumVisualStudioVersion = 10.0.40219.1
Project("{FAE04EC0-301F-11D3-BF4B-00C04F79EFBC}") = "semafori", "semafori.csproj", "{A885C382-7E38-EB31-C0D6-0A464C7DAA2B}"
EndProject
Global
	GlobalSection(SolutionConfigurationPlatforms) = preSolution
		Debug|Any CPU = Debug|Any CPU
		Release|Any CPU = Release|Any CPU
	EndGlobalSection
	GlobalSection(ProjectConfigurationPlatforms) = postSolution
		{A885C382-7E38-EB31-C0D6-0A464C7DAA2B}.Debug|Any CPU.ActiveCfg = Debug|Any CPU
		{A885C382-7E38-EB31-C0D6-0A464C7DAA2B}.Debug|Any CPU.Build.0 = Debug|Any CPU
		{A885C382-7E38-EB31-C0D6-0A464C7DAA2B}.Release|Any CPU.ActiveCfg = Release|Any CPU
		{A885C382-7E38-EB31-C0D6-0A464C7DAA2B}.Release|Any CPU.Build.0 = Release|Any CPU
	EndGlobalSection
	GlobalSection(SolutionProperties) = preSolution
		HideSolutionNode = FALSE
	EndGlobalSection
	GlobalSection(ExtensibilityGlobals) = postSolution
		SolutionGuid = {F46004F0-45E2-4E2D-9083-F481A8BD2477}
	EndGlobalSection
EndGlobal
